
Microsoft Visual Studio Solution File, Format Version 12.00
# Visual Studio Version 16
VisualStudioVersion = 16.0.29411.108
MinimumVisualStudioVersion = 10.0.40219.1
Project("{FAE04EC0-301F-11D3-BF4B-00C04F79EFBC}") = "RouletteNeoUI", "RouletteNeoUI\RouletteNeoUI.csproj", "{7296B1B3-8CF1-4F6E-B2DF-8F433A14201F}"
EndProject
Global
	GlobalSection(SolutionConfigurationPlatforms) = preSolution
		Debug|Any CPU = Debug|Any CPU
		Release|Any CPU = Release|Any CPU
	EndGlobalSection
	GlobalSection(ProjectConfigurationPlatforms) = postSolution
		{7296B1B3-8CF1-4F6E-B2DF-8F433A14201F}.Debug|Any CPU.ActiveCfg = Debug|Any CPU
		{7296B1B3-8CF1-4F6E-B2DF-8F433A14201F}.Debug|Any CPU.Build.0 = Debug|Any CPU
		{7296B1B3-8CF1-4F6E-B2DF-8F433A14201F}.Release|Any CPU.ActiveCfg = Release|Any CPU
		{7296B1B3-8CF1-4F6E-B2DF-8F433A14201F}.Release|Any CPU.Build.0 = Release|Any CPU
	EndGlobalSection
	GlobalSection(SolutionProperties) = preSolution
		HideSolutionNode = FALSE
	EndGlobalSection
	GlobalSection(ExtensibilityGlobals) = postSolution
		SolutionGuid = {D37EA310-9B9E-4A43-840E-ACF9346D5C00}
	EndGlobalSection
EndGlobal
